// !$*UTF8*$!
{
	archiveVersion = 1;
	classes = {
	};
	objectVersion = 77;
	objects = {

/* Begin PBXContainerItemProxy section */
		9F84E2D72D078CA9001ED359 /* PBXContainerItemProxy */ = {
			isa = PBXContainerItemProxy;
			containerPortal = 9F84E2BE2D078CA7001ED359 /* Project object */;
			proxyType = 1;
			remoteGlobalIDString = 9F84E2C52D078CA7001ED359;
			remoteInfo = RefactorTesting;
		};
		9F84E2E12D078CA9001ED359 /* PBXContainerItemProxy */ = {
			isa = PBXContainerItemProxy;
			containerPortal = 9F84E2BE2D078CA7001ED359 /* Project object */;
			proxyType = 1;
			remoteGlobalIDString = 9F84E2C52D078CA7001ED359;
			remoteInfo = RefactorTesting;
		};
/* End PBXContainerItemProxy section */

/* Begin PBXFileReference section */
		9F84E2C62D078CA7001ED359 /* RefactorTesting.app */ = {isa = PBXFileReference; explicitFileType = wrapper.application; includeInIndex = 0; path = RefactorTesting.app; sourceTree = BUILT_PRODUCTS_DIR; };
		9F84E2D62D078CA9001ED359 /* RefactorTestingTests.xctest */ = {isa = PBXFileReference; explicitFileType = wrapper.cfbundle; includeInIndex = 0; path = RefactorTestingTests.xctest; sourceTree = BUILT_PRODUCTS_DIR; };
		9F84E2E02D078CA9001ED359 /* RefactorTestingUITests.xctest */ = {isa = PBXFileReference; explicitFileType = wrapper.cfbundle; includeInIndex = 0; path = RefactorTestingUITests.xctest; sourceTree = BUILT_PRODUCTS_DIR; };
/* End PBXFileReference section */

/* Begin PBXFileSystemSynchronizedRootGroup section */
		9F84E2C82D078CA7001ED359 /* RefactorTesting */ = {
			isa = PBXFileSystemSynchronizedRootGroup;
			path = RefactorTesting;
			sourceTree = "<group>";
		};
		9F84E2D92D078CA9001ED359 /* RefactorTestingTests */ = {
			isa = PBXFileSystemSynchronizedRootGroup;
			path = RefactorTestingTests;
			sourceTree = "<group>";
		};
		9F84E2E32D078CA9001ED359 /* RefactorTestingUITests */ = {
			isa = PBXFileSystemSynchronizedRootGroup;
			path = RefactorTestingUITests;
			sourceTree = "<group>";
		};
/* End PBXFileSystemSynchronizedRootGroup section */

/* Begin PBXFrameworksBuildPhase section */
		9F84E2C32D078CA7001ED359 /* Frameworks */ = {
			isa = PBXFrameworksBuildPhase;
			buildActionMask = 2147483647;
			files = (
			);
			runOnlyForDeploymentPostprocessing = 0;
		};
		9F84E2D32D078CA9001ED359 /* Frameworks */ = {
			isa = PBXFrameworksBuildPhase;
			buildActionMask = 2147483647;
			files = (
			);
			runOnlyForDeploymentPostprocessing = 0;
		};
		9F84E2DD2D078CA9001ED359 /* Frameworks */ = {
			isa = PBXFrameworksBuildPhase;
			buildActionMask = 2147483647;
			files = (
			);
			runOnlyForDeploymentPostprocessing = 0;
		};
/* End PBXFrameworksBuildPhase section */

/* Begin PBXGroup section */
		9F84E2BD2D078CA7001ED359 = {
			isa = PBXGroup;
			children = (
				9F84E2C82D078CA7001ED359 /* RefactorTesting */,
				9F84E2D92D078CA9001ED359 /* RefactorTestingTests */,
				9F84E2E32D078CA9001ED359 /* RefactorTestingUITests */,
				9F84E2C72D078CA7001ED359 /* Products */,
			);
			sourceTree = "<group>";
		};
		9F84E2C72D078CA7001ED359 /* Products */ = {
			isa = PBXGroup;
			children = (
				9F84E2C62D078CA7001ED359 /* RefactorTesting.app */,
				9F84E2D62D078CA9001ED359 /* RefactorTestingTests.xctest */,
				9F84E2E02D078CA9001ED359 /* RefactorTestingUITests.xctest */,
			);
			name = Products;
			sourceTree = "<group>";
		};
/* End PBXGroup section */

/* Begin PBXNativeTarget section */
		9F84E2C52D078CA7001ED359 /* RefactorTesting */ = {
			isa = PBXNativeTarget;
			buildConfigurationList = 9F84E2EA2D078CA9001ED359 /* Build configuration list for PBXNativeTarget "RefactorTesting" */;
			buildPhases = (
				9F84E2C22D078CA7001ED359 /* Sources */,
				9F84E2C32D078CA7001ED359 /* Frameworks */,
				9F84E2C42D078CA7001ED359 /* Resources */,
			);
			buildRules = (
			);
			dependencies = (
			);
			fileSystemSynchronizedGroups = (
				9F84E2C82D078CA7001ED359 /* RefactorTesting */,
			);
			name = RefactorTesting;
			packageProductDependencies = (
			);
			productName = RefactorTesting;
			productReference = 9F84E2C62D078CA7001ED359 /* RefactorTesting.app */;
			productType = "com.apple.product-type.application";
		};
		9F84E2D52D078CA9001ED359 /* RefactorTestingTests */ = {
			isa = PBXNativeTarget;
			buildConfigurationList = 9F84E2ED2D078CA9001ED359 /* Build configuration list for PBXNativeTarget "RefactorTestingTests" */;
			buildPhases = (
				9F84E2D22D078CA9001ED359 /* Sources */,
				9F84E2D32D078CA9001ED359 /* Frameworks */,
				9F84E2D42D078CA9001ED359 /* Resources */,
			);
			buildRules = (
			);
			dependencies = (
				9F84E2D82D078CA9001ED359 /* PBXTargetDependency */,
			);
			fileSystemSynchronizedGroups = (
				9F84E2D92D078CA9001ED359 /* RefactorTestingTests */,
			);
			name = RefactorTestingTests;
			packageProductDependencies = (
			);
			productName = RefactorTestingTests;
			productReference = 9F84E2D62D078CA9001ED359 /* RefactorTestingTests.xctest */;
			productType = "com.apple.product-type.bundle.unit-test";
		};
		9F84E2DF2D078CA9001ED359 /* RefactorTestingUITests */ = {
			isa = PBXNativeTarget;
			buildConfigurationList = 9F84E2F02D078CA9001ED359 /* Build configuration list for PBXNativeTarget "RefactorTestingUITests" */;
			buildPhases = (
				9F84E2DC2D078CA9001ED359 /* Sources */,
				9F84E2DD2D078CA9001ED359 /* Frameworks */,
				9F84E2DE2D078CA9001ED359 /* Resources */,
			);
			buildRules = (
			);
			dependencies = (
				9F84E2E22D078CA9001ED359 /* PBXTargetDependency */,
			);
			fileSystemSynchronizedGroups = (
				9F84E2E32D078CA9001ED359 /* RefactorTestingUITests */,
			);
			name = RefactorTestingUITests;
			packageProductDependencies = (
			);
			productName = RefactorTestingUITests;
			productReference = 9F84E2E02D078CA9001ED359 /* RefactorTestingUITests.xctest */;
			productType = "com.apple.product-type.bundle.ui-testing";
		};
/* End PBXNativeTarget section */

/* Begin PBXProject section */
		9F84E2BE2D078CA7001ED359 /* Project object */ = {
			isa = PBXProject;
			attributes = {
				BuildIndependentTargetsInParallel = 1;
				LastSwiftUpdateCheck = 1610;
				LastUpgradeCheck = 1610;
				TargetAttributes = {
					9F84E2C52D078CA7001ED359 = {
						CreatedOnToolsVersion = 16.1;
					};
					9F84E2D52D078CA9001ED359 = {
						CreatedOnToolsVersion = 16.1;
						TestTargetID = 9F84E2C52D078CA7001ED359;
					};
					9F84E2DF2D078CA9001ED359 = {
						CreatedOnToolsVersion = 16.1;
						TestTargetID = 9F84E2C52D078CA7001ED359;
					};
				};
			};
			buildConfigurationList = 9F84E2C12D078CA7001ED359 /* Build configuration list for PBXProject "RefactorTesting" */;
			developmentRegion = en;
			hasScannedForEncodings = 0;
			knownRegions = (
				en,
				Base,
			);
			mainGroup = 9F84E2BD2D078CA7001ED359;
			minimizedProjectReferenceProxies = 1;
			preferredProjectObjectVersion = 77;
			productRefGroup = 9F84E2C72D078CA7001ED359 /* Products */;
			projectDirPath = "";
			projectRoot = "";
			targets = (
				9F84E2C52D078CA7001ED359 /* RefactorTesting */,
				9F84E2D52D078CA9001ED359 /* RefactorTestingTests */,
				9F84E2DF2D078CA9001ED359 /* RefactorTestingUITests */,
			);
		};
/* End PBXProject section */

/* Begin PBXResourcesBuildPhase section */
		9F84E2C42D078CA7001ED359 /* Resources */ = {
			isa = PBXResourcesBuildPhase;
			buildActionMask = 2147483647;
			files = (
			);
			runOnlyForDeploymentPostprocessing = 0;
		};
		9F84E2D42D078CA9001ED359 /* Resources */ = {
			isa = PBXResourcesBuildPhase;
			buildActionMask = 2147483647;
			files = (
			);
			runOnlyForDeploymentPostprocessing = 0;
		};
		9F84E2DE2D078CA9001ED359 /* Resources */ = {
			isa = PBXResourcesBuildPhase;
			buildActionMask = 2147483647;
			files = (
			);
			runOnlyForDeploymentPostprocessing = 0;
		};
/* End PBXResourcesBuildPhase section */

/* Begin PBXSourcesBuildPhase section */
		9F84E2C22D078CA7001ED359 /* Sources */ = {
			isa = PBXSourcesBuildPhase;
			buildActionMask = 2147483647;
			files = (
			);
			runOnlyForDeploymentPostprocessing = 0;
		};
		9F84E2D22D078CA9001ED359 /* Sources */ = {
			isa = PBXSourcesBuildPhase;
			buildActionMask = 2147483647;
			files = (
			);
			runOnlyForDeploymentPostprocessing = 0;
		};
		9F84E2DC2D078CA9001ED359 /* Sources */ = {
			isa = PBXSourcesBuildPhase;
			buildActionMask = 2147483647;
			files = (
			);
			runOnlyForDeploymentPostprocessing = 0;
		};
/* End PBXSourcesBuildPhase section */

/* Begin PBXTargetDependency section */
		9F84E2D82D078CA9001ED359 /* PBXTargetDependency */ = {
			isa = PBXTargetDependency;
			target = 9F84E2C52D078CA7001ED359 /* RefactorTesting */;
			targetProxy = 9F84E2D72D078CA9001ED359 /* PBXContainerItemProxy */;
		};
		9F84E2E22D078CA9001ED359 /* PBXTargetDependency */ = {
			isa = PBXTargetDependency;
			target = 9F84E2C52D078CA7001ED359 /* RefactorTesting */;
			targetProxy = 9F84E2E12D078CA9001ED359 /* PBXContainerItemProxy */;
		};
/* End PBXTargetDependency section */

/* Begin XCBuildConfiguration section */
		9F84E2E82D078CA9001ED359 /* Debug */ = {
			isa = XCBuildConfiguration;
			buildSettings = {
				ALWAYS_SEARCH_USER_PATHS = NO;
				ASSETCATALOG_COMPILER_GENERATE_SWIFT_ASSET_SYMBOL_EXTENSIONS = YES;
				CLANG_ANALYZER_NONNULL = YES;
				CLANG_ANALYZER_NUMBER_OBJECT_CONVERSION = YES_AGGRESSIVE;
				CLANG_CXX_LANGUAGE_STANDARD = "gnu++20";
				CLANG_ENABLE_MODULES = YES;
				CLANG_ENABLE_OBJC_ARC = YES;
				CLANG_ENABLE_OBJC_WEAK = YES;
				CLANG_WARN_BLOCK_CAPTURE_AUTORELEASING = YES;
				CLANG_WARN_BOOL_CONVERSION = YES;
				CLANG_WARN_COMMA = YES;
				CLANG_WARN_CONSTANT_CONVERSION = YES;
				CLANG_WARN_DEPRECATED_OBJC_IMPLEMENTATIONS = YES;
				CLANG_WARN_DIRECT_OBJC_ISA_USAGE = YES_ERROR;
				CLANG_WARN_DOCUMENTATION_COMMENTS = YES;
				CLANG_WARN_EMPTY_BODY = YES;
				CLANG_WARN_ENUM_CONVERSION = YES;
				CLANG_WARN_INFINITE_RECURSION = YES;
				CLANG_WARN_INT_CONVERSION = YES;
				CLANG_WARN_NON_LITERAL_NULL_CONVERSION = YES;
				CLANG_WARN_OBJC_IMPLICIT_RETAIN_SELF = YES;
				CLANG_WARN_OBJC_LITERAL_CONVERSION = YES;
				CLANG_WARN_OBJC_ROOT_CLASS = YES_ERROR;
				CLANG_WARN_QUOTED_INCLUDE_IN_FRAMEWORK_HEADER = YES;
				CLANG_WARN_RANGE_LOOP_ANALYSIS = YES;
				CLANG_WARN_STRICT_PROTOTYPES = YES;
				CLANG_WARN_SUSPICIOUS_MOVE = YES;
				CLANG_WARN_UNGUARDED_AVAILABILITY = YES_AGGRESSIVE;
				CLANG_WARN_UNREACHABLE_CODE = YES;
				CLANG_WARN__DUPLICATE_METHOD_MATCH = YES;
				COPY_PHASE_STRIP = NO;
				DEBUG_INFORMATION_FORMAT = dwarf;
				ENABLE_STRICT_OBJC_MSGSEND = YES;
				ENABLE_TESTABILITY = YES;
				ENABLE_USER_SCRIPT_SANDBOXING = YES;
				GCC_C_LANGUAGE_STANDARD = gnu17;
				GCC_DYNAMIC_NO_PIC = NO;
				GCC_NO_COMMON_BLOCKS = YES;
				GCC_OPTIMIZATION_LEVEL = 0;
				GCC_PREPROCESSOR_DEFINITIONS = (
					"DEBUG=1",
					"$(inherited)",
				);
				GCC_WARN_64_TO_32_BIT_CONVERSION = YES;
				GCC_WARN_ABOUT_RETURN_TYPE = YES_ERROR;
				GCC_WARN_UNDECLARED_SELECTOR = YES;
				GCC_WARN_UNINITIALIZED_AUTOS = YES_AGGRESSIVE;
				GCC_WARN_UNUSED_FUNCTION = YES;
				GCC_WARN_UNUSED_VARIABLE = YES;
				IPHONEOS_DEPLOYMENT_TARGET = 18.1;
				LOCALIZATION_PREFERS_STRING_CATALOGS = YES;
				MTL_ENABLE_DEBUG_INFO = INCLUDE_SOURCE;
				MTL_FAST_MATH = YES;
				ONLY_ACTIVE_ARCH = YES;
				SDKROOT = iphoneos;
				SWIFT_ACTIVE_COMPILATION_CONDITIONS = "DEBUG $(inherited)";
				SWIFT_OPTIMIZATION_LEVEL = "-Onone";
			};
			name = Debug;
		};
		9F84E2E92D078CA9001ED359 /* Release */ = {
			isa = XCBuildConfiguration;
			buildSettings = {
				ALWAYS_SEARCH_USER_PATHS = NO;
				ASSETCATALOG_COMPILER_GENERATE_SWIFT_ASSET_SYMBOL_EXTENSIONS = YES;
				CLANG_ANALYZER_NONNULL = YES;
				CLANG_ANALYZER_NUMBER_OBJECT_CONVERSION = YES_AGGRESSIVE;
				CLANG_CXX_LANGUAGE_STANDARD = "gnu++20";
				CLANG_ENABLE_MODULES = YES;
				CLANG_ENABLE_OBJC_ARC = YES;
				CLANG_ENABLE_OBJC_WEAK = YES;
				CLANG_WARN_BLOCK_CAPTURE_AUTORELEASING = YES;
				CLANG_WARN_BOOL_CONVERSION = YES;
				CLANG_WARN_COMMA = YES;
				CLANG_WARN_CONSTANT_CONVERSION = YES;
				CLANG_WARN_DEPRECATED_OBJC_IMPLEMENTATIONS = YES;
				CLANG_WARN_DIRECT_OBJC_ISA_USAGE = YES_ERROR;
				CLANG_WARN_DOCUMENTATION_COMMENTS = YES;
				CLANG_WARN_EMPTY_BODY = YES;
				CLANG_WARN_ENUM_CONVERSION = YES;
				CLANG_WARN_INFINITE_RECURSION = YES;
				CLANG_WARN_INT_CONVERSION = YES;
				CLANG_WARN_NON_LITERAL_NULL_CONVERSION = YES;
				CLANG_WARN_OBJC_IMPLICIT_RETAIN_SELF = YES;
				CLANG_WARN_OBJC_LITERAL_CONVERSION = YES;
				CLANG_WARN_OBJC_ROOT_CLASS = YES_ERROR;
				CLANG_WARN_QUOTED_INCLUDE_IN_FRAMEWORK_HEADER = YES;
				CLANG_WARN_RANGE_LOOP_ANALYSIS = YES;
				CLANG_WARN_STRICT_PROTOTYPES = YES;
				CLANG_WARN_SUSPICIOUS_MOVE = YES;
				CLANG_WARN_UNGUARDED_AVAILABILITY = YES_AGGRESSIVE;
				CLANG_WARN_UNREACHABLE_CODE = YES;
				CLANG_WARN__DUPLICATE_METHOD_MATCH = YES;
				COPY_PHASE_STRIP = NO;
				DEBUG_INFORMATION_FORMAT = "dwarf-with-dsym";
				ENABLE_NS_ASSERTIONS = NO;
				ENABLE_STRICT_OBJC_MSGSEND = YES;
				ENABLE_USER_SCRIPT_SANDBOXING = YES;
				GCC_C_LANGUAGE_STANDARD = gnu17;
				GCC_NO_COMMON_BLOCKS = YES;
				GCC_WARN_64_TO_32_BIT_CONVERSION = YES;
				GCC_WARN_ABOUT_RETURN_TYPE = YES_ERROR;
				GCC_WARN_UNDECLARED_SELECTOR = YES;
				GCC_WARN_UNINITIALIZED_AUTOS = YES_AGGRESSIVE;
				GCC_WARN_UNUSED_FUNCTION = YES;
				GCC_WARN_UNUSED_VARIABLE = YES;
				IPHONEOS_DEPLOYMENT_TARGET = 18.1;
				LOCALIZATION_PREFERS_STRING_CATALOGS = YES;
				MTL_ENABLE_DEBUG_INFO = NO;
				MTL_FAST_MATH = YES;
				SDKROOT = iphoneos;
				SWIFT_COMPILATION_MODE = wholemodule;
				VALIDATE_PRODUCT = YES;
			};
			name = Release;
		};
		9F84E2EB2D078CA9001ED359 /* Debug */ = {
			isa = XCBuildConfiguration;
			buildSettings = {
				ASSETCATALOG_COMPILER_APPICON_NAME = AppIcon;
				ASSETCATALOG_COMPILER_GLOBAL_ACCENT_COLOR_NAME = AccentColor;
				CODE_SIGN_STYLE = Automatic;
				CURRENT_PROJECT_VERSION = 1;
				DEVELOPMENT_ASSET_PATHS = "\"RefactorTesting/Preview Content\"";
				DEVELOPMENT_TEAM = GF89NQQ6BS;
				ENABLE_PREVIEWS = YES;
				GENERATE_INFOPLIST_FILE = YES;
				INFOPLIST_KEY_UIApplicationSceneManifest_Generation = YES;
				INFOPLIST_KEY_UIApplicationSupportsIndirectInputEvents = YES;
				INFOPLIST_KEY_UILaunchScreen_Generation = YES;
				INFOPLIST_KEY_UISupportedInterfaceOrientations_iPad = "UIInterfaceOrientationPortrait UIInterfaceOrientationPortraitUpsideDown UIInterfaceOrientationLandscapeLeft UIInterfaceOrientationLandscapeRight";
				INFOPLIST_KEY_UISupportedInterfaceOrientations_iPhone = "UIInterfaceOrientationPortrait UIInterfaceOrientationLandscapeLeft UIInterfaceOrientationLandscapeRight";
				LD_RUNPATH_SEARCH_PATHS = (
					"$(inherited)",
					"@executable_path/Frameworks",
				);
				MARKETING_VERSION = 1.0;
				PRODUCT_BUNDLE_IDENTIFIER = com.medina.orlando.RefactorTesting;
				PRODUCT_NAME = "$(TARGET_NAME)";
				SWIFT_EMIT_LOC_STRINGS = YES;
				SWIFT_VERSION = 5.0;
				TARGETED_DEVICE_FAMILY = "1,2";
			};
			name = Debug;
		};
		9F84E2EC2D078CA9001ED359 /* Release */ = {
			isa = XCBuildConfiguration;
			buildSettings = {
				ASSETCATALOG_COMPILER_APPICON_NAME = AppIcon;
				ASSETCATALOG_COMPILER_GLOBAL_ACCENT_COLOR_NAME = AccentColor;
				CODE_SIGN_STYLE = Automatic;
				CURRENT_PROJECT_VERSION = 1;
				DEVELOPMENT_ASSET_PATHS = "\"RefactorTesting/Preview Content\"";
				DEVELOPMENT_TEAM = GF89NQQ6BS;
				ENABLE_PREVIEWS = YES;
				GENERATE_INFOPLIST_FILE = YES;
				INFOPLIST_KEY_UIApplicationSceneManifest_Generation = YES;
				INFOPLIST_KEY_UIApplicationSupportsIndirectInputEvents = YES;
				INFOPLIST_KEY_UILaunchScreen_Generation = YES;
				INFOPLIST_KEY_UISupportedInterfaceOrientations_iPad = "UIInterfaceOrientationPortrait UIInterfaceOrientationPortraitUpsideDown UIInterfaceOrientationLandscapeLeft UIInterfaceOrientationLandscapeRight";
				INFOPLIST_KEY_UISupportedInterfaceOrientations_iPhone = "UIInterfaceOrientationPortrait UIInterfaceOrientationLandscapeLeft UIInterfaceOrientationLandscapeRight";
				LD_RUNPATH_SEARCH_PATHS = (
					"$(inherited)",
					"@executable_path/Frameworks",
				);
				MARKETING_VERSION = 1.0;
				PRODUCT_BUNDLE_IDENTIFIER = com.medina.orlando.RefactorTesting;
				PRODUCT_NAME = "$(TARGET_NAME)";
				SWIFT_EMIT_LOC_STRINGS = YES;
				SWIFT_VERSION = 5.0;
				TARGETED_DEVICE_FAMILY = "1,2";
			};
			name = Release;
		};
		9F84E2EE2D078CA9001ED359 /* Debug */ = {
			isa = XCBuildConfiguration;
			buildSettings = {
				BUNDLE_LOADER = "$(TEST_HOST)";
				CODE_SIGN_STYLE = Automatic;
				CURRENT_PROJECT_VERSION = 1;
				DEVELOPMENT_TEAM = GF89NQQ6BS;
				GENERATE_INFOPLIST_FILE = YES;
				IPHONEOS_DEPLOYMENT_TARGET = 18.1;
				MARKETING_VERSION = 1.0;
				PRODUCT_BUNDLE_IDENTIFIER = com.medina.orlando.RefactorTestingTests;
				PRODUCT_NAME = "$(TARGET_NAME)";
				SWIFT_EMIT_LOC_STRINGS = NO;
				SWIFT_VERSION = 5.0;
				TARGETED_DEVICE_FAMILY = "1,2";
				TEST_HOST = "$(BUILT_PRODUCTS_DIR)/RefactorTesting.app/$(BUNDLE_EXECUTABLE_FOLDER_PATH)/RefactorTesting";
			};
			name = Debug;
		};
		9F84E2EF2D078CA9001ED359 /* Release */ = {
			isa = XCBuildConfiguration;
			buildSettings = {
				BUNDLE_LOADER = "$(TEST_HOST)";
				CODE_SIGN_STYLE = Automatic;
				CURRENT_PROJECT_VERSION = 1;
				DEVELOPMENT_TEAM = GF89NQQ6BS;
				GENERATE_INFOPLIST_FILE = YES;
				IPHONEOS_DEPLOYMENT_TARGET = 18.1;
				MARKETING_VERSION = 1.0;
				PRODUCT_BUNDLE_IDENTIFIER = com.medina.orlando.RefactorTestingTests;
				PRODUCT_NAME = "$(TARGET_NAME)";
				SWIFT_EMIT_LOC_STRINGS = NO;
				SWIFT_VERSION = 5.0;
				TARGETED_DEVICE_FAMILY = "1,2";
				TEST_HOST = "$(BUILT_PRODUCTS_DIR)/RefactorTesting.app/$(BUNDLE_EXECUTABLE_FOLDER_PATH)/RefactorTesting";
			};
			name = Release;
		};
		9F84E2F12D078CA9001ED359 /* Debug */ = {
			isa = XCBuildConfiguration;
			buildSettings = {
				CODE_SIGN_STYLE = Automatic;
				CURRENT_PROJECT_VERSION = 1;
				DEVELOPMENT_TEAM = GF89NQQ6BS;
				GENERATE_INFOPLIST_FILE = YES;
				MARKETING_VERSION = 1.0;
				PRODUCT_BUNDLE_IDENTIFIER = com.medina.orlando.RefactorTestingUITests;
				PRODUCT_NAME = "$(TARGET_NAME)";
				SWIFT_EMIT_LOC_STRINGS = NO;
				SWIFT_VERSION = 5.0;
				TARGETED_DEVICE_FAMILY = "1,2";
				TEST_TARGET_NAME = RefactorTesting;
			};
			name = Debug;
		};
		9F84E2F22D078CA9001ED359 /* Release */ = {
			isa = XCBuildConfiguration;
			buildSettings = {
				CODE_SIGN_STYLE = Automatic;
				CURRENT_PROJECT_VERSION = 1;
				DEVELOPMENT_TEAM = GF89NQQ6BS;
				GENERATE_INFOPLIST_FILE = YES;
				MARKETING_VERSION = 1.0;
				PRODUCT_BUNDLE_IDENTIFIER = com.medina.orlando.RefactorTestingUITests;
				PRODUCT_NAME = "$(TARGET_NAME)";
				SWIFT_EMIT_LOC_STRINGS = NO;
				SWIFT_VERSION = 5.0;
				TARGETED_DEVICE_FAMILY = "1,2";
				TEST_TARGET_NAME = RefactorTesting;
			};
			name = Release;
		};
/* End XCBuildConfiguration section */

/* Begin XCConfigurationList section */
		9F84E2C12D078CA7001ED359 /* Build configuration list for PBXProject "RefactorTesting" */ = {
			isa = XCConfigurationList;
			buildConfigurations = (
				9F84E2E82D078CA9001ED359 /* Debug */,
				9F84E2E92D078CA9001ED359 /* Release */,
			);
			defaultConfigurationIsVisible = 0;
			defaultConfigurationName = Release;
		};
		9F84E2EA2D078CA9001ED359 /* Build configuration list for PBXNativeTarget "RefactorTesting" */ = {
			isa = XCConfigurationList;
			buildConfigurations = (
				9F84E2EB2D078CA9001ED359 /* Debug */,
				9F84E2EC2D078CA9001ED359 /* Release */,
			);
			defaultConfigurationIsVisible = 0;
			defaultConfigurationName = Release;
		};
		9F84E2ED2D078CA9001ED359 /* Build configuration list for PBXNativeTarget "RefactorTestingTests" */ = {
			isa = XCConfigurationList;
			buildConfigurations = (
				9F84E2EE2D078CA9001ED359 /* Debug */,
				9F84E2EF2D078CA9001ED359 /* Release */,
			);
			defaultConfigurationIsVisible = 0;
			defaultConfigurationName = Release;
		};
		9F84E2F02D078CA9001ED359 /* Build configuration list for PBXNativeTarget "RefactorTestingUITests" */ = {
			isa = XCConfigurationList;
			buildConfigurations = (
				9F84E2F12D078CA9001ED359 /* Debug */,
				9F84E2F22D078CA9001ED359 /* Release */,
			);
			defaultConfigurationIsVisible = 0;
			defaultConfigurationName = Release;
		};
/* End XCConfigurationList section */
	};
	rootObject = 9F84E2BE2D078CA7001ED359 /* Project object */;
}
